
Microsoft Visual Studio Solution File, Format Version 12.00
# Visual Studio Version 17
VisualStudioVersion = 17.13.35931.197 d17.13
MinimumVisualStudioVersion = 10.0.40219.1
Project("{FAE04EC0-301F-11D3-BF4B-00C04F79EFBC}") = "EmailOTPApplication", "EmailOTPApplication\EmailOTPApplication.csproj", "{8671DFB3-FD04-449B-BFDA-FDCDC3749FC2}"
EndProject
Global
	GlobalSection(SolutionConfigurationPlatforms) = preSolution
		Debug|Any CPU = Debug|Any CPU
		Release|Any CPU = Release|Any CPU
	EndGlobalSection
	GlobalSection(ProjectConfigurationPlatforms) = postSolution
		{8671DFB3-FD04-449B-BFDA-FDCDC3749FC2}.Debug|Any CPU.ActiveCfg = Debug|Any CPU
		{8671DFB3-FD04-449B-BFDA-FDCDC3749FC2}.Debug|Any CPU.Build.0 = Debug|Any CPU
		{8671DFB3-FD04-449B-BFDA-FDCDC3749FC2}.Release|Any CPU.ActiveCfg = Release|Any CPU
		{8671DFB3-FD04-449B-BFDA-FDCDC3749FC2}.Release|Any CPU.Build.0 = Release|Any CPU
	EndGlobalSection
	GlobalSection(SolutionProperties) = preSolution
		HideSolutionNode = FALSE
	EndGlobalSection
	GlobalSection(ExtensibilityGlobals) = postSolution
		SolutionGuid = {82D06488-64A0-4C20-A9BF-3C4545C63E30}
	EndGlobalSection
EndGlobal
